{
  "requires": true,
  "lockfileVersion": 1,
  "dependencies": {
    "@angular/cdk": {
      "version": "6.3.3",
      "resolved": "https://registry.npmjs.org/@angular/cdk/-/cdk-6.3.3.tgz",
      "integrity": "sha512-cfUwvnGGByZy/poA75/vsELBq68eDUYJe3qi0WvSbtFzbQlsxeqaBiaxVYqmHJkPlSF5nsUhg5KvDowED3a4sA==",
      "requires": {
        "tslib": "1.9.3"
      }
    },
    "@angular/material": {
      "version": "6.3.3",
      "resolved": "https://registry.npmjs.org/@angular/material/-/material-6.3.3.tgz",
      "integrity": "sha512-3qTZ8+pjc8P1D+TLr9ETGfFyMYO+BAQlFiVs3oV8rw5y0Wzkz6G1JHfKQ2oOd8/npXP6rJQldssUM4IBbSOxIQ==",
      "requires": {
        "parse5": "5.0.0",
        "tslib": "1.9.3"
      }
    },
    "parse5": {
      "version": "5.0.0",
      "resolved": "https://registry.npmjs.org/parse5/-/parse5-5.0.0.tgz",
      "integrity": "sha512-0ywuiUOnpWWeil5grH2rxjyTJoeQVwyBuO2si6QIU9dWtj2npjuyK1HaY1RbLnVfDhEbhyAPNUBKRK0Xj2xE0w=="
    },
    "tslib": {
      "version": "1.9.3",
      "resolved": "https://registry.npmjs.org/tslib/-/tslib-1.9.3.tgz",
      "integrity": "sha512-4krF8scpejhaOgqzBEcGM7yDIEfi0/8+8zDRZhNZZ2kjmHJ4hv3zCbQWxoJGz1iw5U0Jl0nma13xzHXcncMavQ=="
    }
  }
}
